
Microsoft Visual Studio Solution File, Format Version 12.00
# Visual Studio Version 17
VisualStudioVersion = 17.11.35222.181
MinimumVisualStudioVersion = 10.0.40219.1
Project("{9A19103F-16F7-4668-BE54-9A1E7A4F7556}") = "AgentForge.Core", "src\AgentForge.Core\AgentForge.Core.csproj", "{11111111-1111-1111-1111-111111111111}"
EndProject
Project("{9A19103F-16F7-4668-BE54-9A1E7A4F7556}") = "AgentForge.Providers", "src\AgentForge.Providers\AgentForge.Providers.csproj", "{22222222-2222-2222-2222-222222222222}"
EndProject
Project("{9A19103F-16F7-4668-BE54-9A1E7A4F7556}") = "AgentForge.Mcp", "src\AgentForge.Mcp\AgentForge.Mcp.csproj", "{33333333-3333-3333-3333-333333333333}"
EndProject
Project("{9A19103F-16F7-4668-BE54-9A1E7A4F7556}") = "AgentForge.Observability", "src\AgentForge.Observability\AgentForge.Observability.csproj", "{44444444-4444-4444-4444-444444444444}"
EndProject
Project("{9A19103F-16F7-4668-BE54-9A1E7A4F7556}") = "AgentForge.Evals", "src\AgentForge.Evals\AgentForge.Evals.csproj", "{55555555-5555-5555-5555-555555555555}"
EndProject
Project("{9A19103F-16F7-4668-BE54-9A1E7A4F7556}") = "AgentForge.Guardrails", "src\AgentForge.Guardrails\AgentForge.Guardrails.csproj", "{66666666-6666-6666-6666-666666666666}"
EndProject
Project("{9A19103F-16F7-4668-BE54-9A1E7A4F7556}") = "AgentForge.Core.Tests", "tests\AgentForge.Core.Tests\AgentForge.Core.Tests.csproj", "{77777777-7777-7777-7777-777777777777}"
EndProject
Project("{9A19103F-16F7-4668-BE54-9A1E7A4F7556}") = "AgentForge.Providers.Tests", "tests\AgentForge.Providers.Tests\AgentForge.Providers.Tests.csproj", "{88888888-8888-8888-8888-888888888888}"
EndProject
Project("{9A19103F-16F7-4668-BE54-9A1E7A4F7556}") = "AgentForge.Mcp.Tests", "tests\AgentForge.Mcp.Tests\AgentForge.Mcp.Tests.csproj", "{99999999-9999-9999-9999-999999999999}"
EndProject
Project("{9A19103F-16F7-4668-BE54-9A1E7A4F7556}") = "AgentForge.Guardrails.Tests", "tests\AgentForge.Guardrails.Tests\AgentForge.Guardrails.Tests.csproj", "{AAAAAAAA-AAAA-AAAA-AAAA-AAAAAAAAAAAA}"
EndProject
Project("{9A19103F-16F7-4668-BE54-9A1E7A4F7556}") = "AgentForge.Samples.Cli", "samples\AgentForge.Samples.Cli\AgentForge.Samples.Cli.csproj", "{BBBBBBBB-BBBB-BBBB-BBBB-BBBBBBBBBBBB}"
EndProject
Project("{9A19103F-16F7-4668-BE54-9A1E7A4F7556}") = "AgentForge.Observability.Tests", "tests\AgentForge.Observability.Tests\AgentForge.Observability.Tests.csproj", "{CCCCCCCC-CCCC-CCCC-CCCC-CCCCCCCCCCCC}"
EndProject
Project("{9A19103F-16F7-4668-BE54-9A1E7A4F7556}") = "AgentForge.Evals.Tests", "tests\AgentForge.Evals.Tests\AgentForge.Evals.Tests.csproj", "{DDDDDDDD-DDDD-DDDD-DDDD-DDDDDDDDDDDD}"
EndProject
Project("{2150E333-8FDC-42A3-9474-1A3956D46DE8}") = "src", "src", "{827E0CD3-B72D-47B6-A68D-7590B98EB39B}"
EndProject
Project("{FAE04EC0-301F-11D3-BF4B-00C04F79EFBC}") = "AgentForge.Mcp.Server", "src\AgentForge.Mcp.Server\AgentForge.Mcp.Server.csproj", "{89A45693-340A-4072-8CB7-A01411962D15}"
EndProject
Project("{2150E333-8FDC-42A3-9474-1A3956D46DE8}") = "tests", "tests", "{0AB3BF05-4346-4AA6-1389-037BE0695223}"
EndProject
Project("{FAE04EC0-301F-11D3-BF4B-00C04F79EFBC}") = "AgentForge.Mcp.Server.Tests", "tests\AgentForge.Mcp.Server.Tests\AgentForge.Mcp.Server.Tests.csproj", "{2289314F-6739-4FB8-BEBF-94A9AC282AC1}"
EndProject
Project("{2150E333-8FDC-42A3-9474-1A3956D46DE8}") = "samples", "samples", "{5D20AA90-6969-D8BD-9DCD-8634F4692FDA}"
EndProject
Project("{FAE04EC0-301F-11D3-BF4B-00C04F79EFBC}") = "AgentForge.Capabilities.DocsReader", "samples\AgentForge.Capabilities.DocsReader\AgentForge.Capabilities.DocsReader.csproj", "{B619853F-A471-4246-9190-555AE6A15466}"
EndProject
Project("{FAE04EC0-301F-11D3-BF4B-00C04F79EFBC}") = "AgentForge.Capabilities.DocsReader.Tests", "tests\AgentForge.Capabilities.DocsReader.Tests\AgentForge.Capabilities.DocsReader.Tests.csproj", "{23FA01F8-2D00-4761-9CA5-CCE93119DA42}"
EndProject
Project("{FAE04EC0-301F-11D3-BF4B-00C04F79EFBC}") = "AgentForge.Capabilities.FileTools", "samples\AgentForge.Capabilities.FileTools\AgentForge.Capabilities.FileTools.csproj", "{0AE72080-093E-4C3F-89CF-3EA45CF6A2A5}"
EndProject
Project("{FAE04EC0-301F-11D3-BF4B-00C04F79EFBC}") = "AgentForge.Capabilities.FileTools.Tests", "tests\AgentForge.Capabilities.FileTools.Tests\AgentForge.Capabilities.FileTools.Tests.csproj", "{BE853AD7-0340-4B73-AF44-9992B236F02D}"
EndProject
Project("{FAE04EC0-301F-11D3-BF4B-00C04F79EFBC}") = "AgentForge.Capabilities.SqlReader", "samples\AgentForge.Capabilities.SqlReader\AgentForge.Capabilities.SqlReader.csproj", "{DD775DA0-F3BC-4239-A84F-D5DDF67AEB72}"
EndProject
Project("{FAE04EC0-301F-11D3-BF4B-00C04F79EFBC}") = "AgentForge.Capabilities.SqlReader.Tests", "tests\AgentForge.Capabilities.SqlReader.Tests\AgentForge.Capabilities.SqlReader.Tests.csproj", "{1CC4E913-C54F-4F32-983C-44E51A07F6EE}"
EndProject
Global
	GlobalSection(SolutionConfigurationPlatforms) = preSolution
		Debug|Any CPU = Debug|Any CPU
		Debug|x64 = Debug|x64
		Debug|x86 = Debug|x86
		Release|Any CPU = Release|Any CPU
		Release|x64 = Release|x64
		Release|x86 = Release|x86
	EndGlobalSection
	GlobalSection(ProjectConfigurationPlatforms) = postSolution
		{11111111-1111-1111-1111-111111111111}.Debug|Any CPU.ActiveCfg = Debug|Any CPU
		{11111111-1111-1111-1111-111111111111}.Debug|Any CPU.Build.0 = Debug|Any CPU
		{11111111-1111-1111-1111-111111111111}.Debug|x64.ActiveCfg = Debug|Any CPU
		{11111111-1111-1111-1111-111111111111}.Debug|x64.Build.0 = Debug|Any CPU
		{11111111-1111-1111-1111-111111111111}.Debug|x86.ActiveCfg = Debug|Any CPU
		{11111111-1111-1111-1111-111111111111}.Debug|x86.Build.0 = Debug|Any CPU
		{11111111-1111-1111-1111-111111111111}.Release|Any CPU.ActiveCfg = Release|Any CPU
		{11111111-1111-1111-1111-111111111111}.Release|Any CPU.Build.0 = Release|Any CPU
		{11111111-1111-1111-1111-111111111111}.Release|x64.ActiveCfg = Release|Any CPU
		{11111111-1111-1111-1111-111111111111}.Release|x64.Build.0 = Release|Any CPU
		{11111111-1111-1111-1111-111111111111}.Release|x86.ActiveCfg = Release|Any CPU
		{11111111-1111-1111-1111-111111111111}.Release|x86.Build.0 = Release|Any CPU
		{22222222-2222-2222-2222-222222222222}.Debug|Any CPU.ActiveCfg = Debug|Any CPU
		{22222222-2222-2222-2222-222222222222}.Debug|Any CPU.Build.0 = Debug|Any CPU
		{22222222-2222-2222-2222-222222222222}.Debug|x64.ActiveCfg = Debug|Any CPU
		{22222222-2222-2222-2222-222222222222}.Debug|x64.Build.0 = Debug|Any CPU
		{22222222-2222-2222-2222-222222222222}.Debug|x86.ActiveCfg = Debug|Any CPU
		{22222222-2222-2222-2222-222222222222}.Debug|x86.Build.0 = Debug|Any CPU
		{22222222-2222-2222-2222-222222222222}.Release|Any CPU.ActiveCfg = Release|Any CPU
		{22222222-2222-2222-2222-222222222222}.Release|Any CPU.Build.0 = Release|Any CPU
		{22222222-2222-2222-2222-222222222222}.Release|x64.ActiveCfg = Release|Any CPU
		{22222222-2222-2222-2222-222222222222}.Release|x64.Build.0 = Release|Any CPU
		{22222222-2222-2222-2222-222222222222}.Release|x86.ActiveCfg = Release|Any CPU
		{22222222-2222-2222-2222-222222222222}.Release|x86.Build.0 = Release|Any CPU
		{33333333-3333-3333-3333-333333333333}.Debug|Any CPU.ActiveCfg = Debug|Any CPU
		{33333333-3333-3333-3333-333333333333}.Debug|Any CPU.Build.0 = Debug|Any CPU
		{33333333-3333-3333-3333-333333333333}.Debug|x64.ActiveCfg = Debug|Any CPU
		{33333333-3333-3333-3333-333333333333}.Debug|x64.Build.0 = Debug|Any CPU
		{33333333-3333-3333-3333-333333333333}.Debug|x86.ActiveCfg = Debug|Any CPU
		{33333333-3333-3333-3333-333333333333}.Debug|x86.Build.0 = Debug|Any CPU
		{33333333-3333-3333-3333-333333333333}.Release|Any CPU.ActiveCfg = Release|Any CPU
		{33333333-3333-3333-3333-333333333333}.Release|Any CPU.Build.0 = Release|Any CPU
		{33333333-3333-3333-3333-333333333333}.Release|x64.ActiveCfg = Release|Any CPU
		{33333333-3333-3333-3333-333333333333}.Release|x64.Build.0 = Release|Any CPU
		{33333333-3333-3333-3333-333333333333}.Release|x86.ActiveCfg = Release|Any CPU
		{33333333-3333-3333-3333-333333333333}.Release|x86.Build.0 = Release|Any CPU
		{44444444-4444-4444-4444-444444444444}.Debug|Any CPU.ActiveCfg = Debug|Any CPU
		{44444444-4444-4444-4444-444444444444}.Debug|Any CPU.Build.0 = Debug|Any CPU
		{44444444-4444-4444-4444-444444444444}.Debug|x64.ActiveCfg = Debug|Any CPU
		{44444444-4444-4444-4444-444444444444}.Debug|x64.Build.0 = Debug|Any CPU
		{44444444-4444-4444-4444-444444444444}.Debug|x86.ActiveCfg = Debug|Any CPU
		{44444444-4444-4444-4444-444444444444}.Debug|x86.Build.0 = Debug|Any CPU
		{44444444-4444-4444-4444-444444444444}.Release|Any CPU.ActiveCfg = Release|Any CPU
		{44444444-4444-4444-4444-444444444444}.Release|Any CPU.Build.0 = Release|Any CPU
		{44444444-4444-4444-4444-444444444444}.Release|x64.ActiveCfg = Release|Any CPU
		{44444444-4444-4444-4444-444444444444}.Release|x64.Build.0 = Release|Any CPU
		{44444444-4444-4444-4444-444444444444}.Release|x86.ActiveCfg = Release|Any CPU
		{44444444-4444-4444-4444-444444444444}.Release|x86.Build.0 = Release|Any CPU
		{55555555-5555-5555-5555-555555555555}.Debug|Any CPU.ActiveCfg = Debug|Any CPU
		{55555555-5555-5555-5555-555555555555}.Debug|Any CPU.Build.0 = Debug|Any CPU
		{55555555-5555-5555-5555-555555555555}.Debug|x64.ActiveCfg = Debug|Any CPU
		{55555555-5555-5555-5555-555555555555}.Debug|x64.Build.0 = Debug|Any CPU
		{55555555-5555-5555-5555-555555555555}.Debug|x86.ActiveCfg = Debug|Any CPU
		{55555555-5555-5555-5555-555555555555}.Debug|x86.Build.0 = Debug|Any CPU
		{55555555-5555-5555-5555-555555555555}.Release|Any CPU.ActiveCfg = Release|Any CPU
		{55555555-5555-5555-5555-555555555555}.Release|Any CPU.Build.0 = Release|Any CPU
		{55555555-5555-5555-5555-555555555555}.Release|x64.ActiveCfg = Release|Any CPU
		{55555555-5555-5555-5555-555555555555}.Release|x64.Build.0 = Release|Any CPU
		{55555555-5555-5555-5555-555555555555}.Release|x86.ActiveCfg = Release|Any CPU
		{55555555-5555-5555-5555-555555555555}.Release|x86.Build.0 = Release|Any CPU
		{66666666-6666-6666-6666-666666666666}.Debug|Any CPU.ActiveCfg = Debug|Any CPU
		{66666666-6666-6666-6666-666666666666}.Debug|Any CPU.Build.0 = Debug|Any CPU
		{66666666-6666-6666-6666-666666666666}.Debug|x64.ActiveCfg = Debug|Any CPU
		{66666666-6666-6666-6666-666666666666}.Debug|x64.Build.0 = Debug|Any CPU
		{66666666-6666-6666-6666-666666666666}.Debug|x86.ActiveCfg = Debug|Any CPU
		{66666666-6666-6666-6666-666666666666}.Debug|x86.Build.0 = Debug|Any CPU
		{66666666-6666-6666-6666-666666666666}.Release|Any CPU.ActiveCfg = Release|Any CPU
		{66666666-6666-6666-6666-666666666666}.Release|Any CPU.Build.0 = Release|Any CPU
		{66666666-6666-6666-6666-666666666666}.Release|x64.ActiveCfg = Release|Any CPU
		{66666666-6666-6666-6666-666666666666}.Release|x64.Build.0 = Release|Any CPU
		{66666666-6666-6666-6666-666666666666}.Release|x86.ActiveCfg = Release|Any CPU
		{66666666-6666-6666-6666-666666666666}.Release|x86.Build.0 = Release|Any CPU
		{77777777-7777-7777-7777-777777777777}.Debug|Any CPU.ActiveCfg = Debug|Any CPU
		{77777777-7777-7777-7777-777777777777}.Debug|Any CPU.Build.0 = Debug|Any CPU
		{77777777-7777-7777-7777-777777777777}.Debug|x64.ActiveCfg = Debug|Any CPU
		{77777777-7777-7777-7777-777777777777}.Debug|x64.Build.0 = Debug|Any CPU
		{77777777-7777-7777-7777-777777777777}.Debug|x86.ActiveCfg = Debug|Any CPU
		{77777777-7777-7777-7777-777777777777}.Debug|x86.Build.0 = Debug|Any CPU
		{77777777-7777-7777-7777-777777777777}.Release|Any CPU.ActiveCfg = Release|Any CPU
		{77777777-7777-7777-7777-777777777777}.Release|Any CPU.Build.0 = Release|Any CPU
		{77777777-7777-7777-7777-777777777777}.Release|x64.ActiveCfg = Release|Any CPU
		{77777777-7777-7777-7777-777777777777}.Release|x64.Build.0 = Release|Any CPU
		{77777777-7777-7777-7777-777777777777}.Release|x86.ActiveCfg = Release|Any CPU
		{77777777-7777-7777-7777-777777777777}.Release|x86.Build.0 = Release|Any CPU
		{88888888-8888-8888-8888-888888888888}.Debug|Any CPU.ActiveCfg = Debug|Any CPU
		{88888888-8888-8888-8888-888888888888}.Debug|Any CPU.Build.0 = Debug|Any CPU
		{88888888-8888-8888-8888-888888888888}.Debug|x64.ActiveCfg = Debug|Any CPU
		{88888888-8888-8888-8888-888888888888}.Debug|x64.Build.0 = Debug|Any CPU
		{88888888-8888-8888-8888-888888888888}.Debug|x86.ActiveCfg = Debug|Any CPU
		{88888888-8888-8888-8888-888888888888}.Debug|x86.Build.0 = Debug|Any CPU
		{88888888-8888-8888-8888-888888888888}.Release|Any CPU.ActiveCfg = Release|Any CPU
		{88888888-8888-8888-8888-888888888888}.Release|Any CPU.Build.0 = Release|Any CPU
		{88888888-8888-8888-8888-888888888888}.Release|x64.ActiveCfg = Release|Any CPU
		{88888888-8888-8888-8888-888888888888}.Release|x64.Build.0 = Release|Any CPU
		{88888888-8888-8888-8888-888888888888}.Release|x86.ActiveCfg = Release|Any CPU
		{88888888-8888-8888-8888-888888888888}.Release|x86.Build.0 = Release|Any CPU
		{99999999-9999-9999-9999-999999999999}.Debug|Any CPU.ActiveCfg = Debug|Any CPU
		{99999999-9999-9999-9999-999999999999}.Debug|Any CPU.Build.0 = Debug|Any CPU
		{99999999-9999-9999-9999-999999999999}.Debug|x64.ActiveCfg = Debug|Any CPU
		{99999999-9999-9999-9999-999999999999}.Debug|x64.Build.0 = Debug|Any CPU
		{99999999-9999-9999-9999-999999999999}.Debug|x86.ActiveCfg = Debug|Any CPU
		{99999999-9999-9999-9999-999999999999}.Debug|x86.Build.0 = Debug|Any CPU
		{99999999-9999-9999-9999-999999999999}.Release|Any CPU.ActiveCfg = Release|Any CPU
		{99999999-9999-9999-9999-999999999999}.Release|Any CPU.Build.0 = Release|Any CPU
		{99999999-9999-9999-9999-999999999999}.Release|x64.ActiveCfg = Release|Any CPU
		{99999999-9999-9999-9999-999999999999}.Release|x64.Build.0 = Release|Any CPU
		{99999999-9999-9999-9999-999999999999}.Release|x86.ActiveCfg = Release|Any CPU
		{99999999-9999-9999-9999-999999999999}.Release|x86.Build.0 = Release|Any CPU
		{AAAAAAAA-AAAA-AAAA-AAAA-AAAAAAAAAAAA}.Debug|Any CPU.ActiveCfg = Debug|Any CPU
		{AAAAAAAA-AAAA-AAAA-AAAA-AAAAAAAAAAAA}.Debug|Any CPU.Build.0 = Debug|Any CPU
		{AAAAAAAA-AAAA-AAAA-AAAA-AAAAAAAAAAAA}.Debug|x64.ActiveCfg = Debug|Any CPU
		{AAAAAAAA-AAAA-AAAA-AAAA-AAAAAAAAAAAA}.Debug|x64.Build.0 = Debug|Any CPU
		{AAAAAAAA-AAAA-AAAA-AAAA-AAAAAAAAAAAA}.Debug|x86.ActiveCfg = Debug|Any CPU
		{AAAAAAAA-AAAA-AAAA-AAAA-AAAAAAAAAAAA}.Debug|x86.Build.0 = Debug|Any CPU
		{AAAAAAAA-AAAA-AAAA-AAAA-AAAAAAAAAAAA}.Release|Any CPU.ActiveCfg = Release|Any CPU
		{AAAAAAAA-AAAA-AAAA-AAAA-AAAAAAAAAAAA}.Release|Any CPU.Build.0 = Release|Any CPU
		{AAAAAAAA-AAAA-AAAA-AAAA-AAAAAAAAAAAA}.Release|x64.ActiveCfg = Release|Any CPU
		{AAAAAAAA-AAAA-AAAA-AAAA-AAAAAAAAAAAA}.Release|x64.Build.0 = Release|Any CPU
		{AAAAAAAA-AAAA-AAAA-AAAA-AAAAAAAAAAAA}.Release|x86.ActiveCfg = Release|Any CPU
		{AAAAAAAA-AAAA-AAAA-AAAA-AAAAAAAAAAAA}.Release|x86.Build.0 = Release|Any CPU
		{BBBBBBBB-BBBB-BBBB-BBBB-BBBBBBBBBBBB}.Debug|Any CPU.ActiveCfg = Debug|Any CPU
		{BBBBBBBB-BBBB-BBBB-BBBB-BBBBBBBBBBBB}.Debug|Any CPU.Build.0 = Debug|Any CPU
		{BBBBBBBB-BBBB-BBBB-BBBB-BBBBBBBBBBBB}.Debug|x64.ActiveCfg = Debug|Any CPU
		{BBBBBBBB-BBBB-BBBB-BBBB-BBBBBBBBBBBB}.Debug|x64.Build.0 = Debug|Any CPU
		{BBBBBBBB-BBBB-BBBB-BBBB-BBBBBBBBBBBB}.Debug|x86.ActiveCfg = Debug|Any CPU
		{BBBBBBBB-BBBB-BBBB-BBBB-BBBBBBBBBBBB}.Debug|x86.Build.0 = Debug|Any CPU
		{BBBBBBBB-BBBB-BBBB-BBBB-BBBBBBBBBBBB}.Release|Any CPU.ActiveCfg = Release|Any CPU
		{BBBBBBBB-BBBB-BBBB-BBBB-BBBBBBBBBBBB}.Release|Any CPU.Build.0 = Release|Any CPU
		{BBBBBBBB-BBBB-BBBB-BBBB-BBBBBBBBBBBB}.Release|x64.ActiveCfg = Release|Any CPU
		{BBBBBBBB-BBBB-BBBB-BBBB-BBBBBBBBBBBB}.Release|x64.Build.0 = Release|Any CPU
		{BBBBBBBB-BBBB-BBBB-BBBB-BBBBBBBBBBBB}.Release|x86.ActiveCfg = Release|Any CPU
		{BBBBBBBB-BBBB-BBBB-BBBB-BBBBBBBBBBBB}.Release|x86.Build.0 = Release|Any CPU
		{CCCCCCCC-CCCC-CCCC-CCCC-CCCCCCCCCCCC}.Debug|Any CPU.ActiveCfg = Debug|Any CPU
		{CCCCCCCC-CCCC-CCCC-CCCC-CCCCCCCCCCCC}.Debug|Any CPU.Build.0 = Debug|Any CPU
		{CCCCCCCC-CCCC-CCCC-CCCC-CCCCCCCCCCCC}.Debug|x64.ActiveCfg = Debug|Any CPU
		{CCCCCCCC-CCCC-CCCC-CCCC-CCCCCCCCCCCC}.Debug|x64.Build.0 = Debug|Any CPU
		{CCCCCCCC-CCCC-CCCC-CCCC-CCCCCCCCCCCC}.Debug|x86.ActiveCfg = Debug|Any CPU
		{CCCCCCCC-CCCC-CCCC-CCCC-CCCCCCCCCCCC}.Debug|x86.Build.0 = Debug|Any CPU
		{CCCCCCCC-CCCC-CCCC-CCCC-CCCCCCCCCCCC}.Release|Any CPU.ActiveCfg = Release|Any CPU
		{CCCCCCCC-CCCC-CCCC-CCCC-CCCCCCCCCCCC}.Release|Any CPU.Build.0 = Release|Any CPU
		{CCCCCCCC-CCCC-CCCC-CCCC-CCCCCCCCCCCC}.Release|x64.ActiveCfg = Release|Any CPU
		{CCCCCCCC-CCCC-CCCC-CCCC-CCCCCCCCCCCC}.Release|x64.Build.0 = Release|Any CPU
		{CCCCCCCC-CCCC-CCCC-CCCC-CCCCCCCCCCCC}.Release|x86.ActiveCfg = Release|Any CPU
		{CCCCCCCC-CCCC-CCCC-CCCC-CCCCCCCCCCCC}.Release|x86.Build.0 = Release|Any CPU
		{DDDDDDDD-DDDD-DDDD-DDDD-DDDDDDDDDDDD}.Debug|Any CPU.ActiveCfg = Debug|Any CPU
		{DDDDDDDD-DDDD-DDDD-DDDD-DDDDDDDDDDDD}.Debug|Any CPU.Build.0 = Debug|Any CPU
		{DDDDDDDD-DDDD-DDDD-DDDD-DDDDDDDDDDDD}.Debug|x64.ActiveCfg = Debug|Any CPU
		{DDDDDDDD-DDDD-DDDD-DDDD-DDDDDDDDDDDD}.Debug|x64.Build.0 = Debug|Any CPU
		{DDDDDDDD-DDDD-DDDD-DDDD-DDDDDDDDDDDD}.Debug|x86.ActiveCfg = Debug|Any CPU
		{DDDDDDDD-DDDD-DDDD-DDDD-DDDDDDDDDDDD}.Debug|x86.Build.0 = Debug|Any CPU
		{DDDDDDDD-DDDD-DDDD-DDDD-DDDDDDDDDDDD}.Release|Any CPU.ActiveCfg = Release|Any CPU
		{DDDDDDDD-DDDD-DDDD-DDDD-DDDDDDDDDDDD}.Release|Any CPU.Build.0 = Release|Any CPU
		{DDDDDDDD-DDDD-DDDD-DDDD-DDDDDDDDDDDD}.Release|x64.ActiveCfg = Release|Any CPU
		{DDDDDDDD-DDDD-DDDD-DDDD-DDDDDDDDDDDD}.Release|x64.Build.0 = Release|Any CPU
		{DDDDDDDD-DDDD-DDDD-DDDD-DDDDDDDDDDDD}.Release|x86.ActiveCfg = Release|Any CPU
		{DDDDDDDD-DDDD-DDDD-DDDD-DDDDDDDDDDDD}.Release|x86.Build.0 = Release|Any CPU
		{89A45693-340A-4072-8CB7-A01411962D15}.Debug|Any CPU.ActiveCfg = Debug|Any CPU
		{89A45693-340A-4072-8CB7-A01411962D15}.Debug|Any CPU.Build.0 = Debug|Any CPU
		{89A45693-340A-4072-8CB7-A01411962D15}.Debug|x64.ActiveCfg = Debug|Any CPU
		{89A45693-340A-4072-8CB7-A01411962D15}.Debug|x64.Build.0 = Debug|Any CPU
		{89A45693-340A-4072-8CB7-A01411962D15}.Debug|x86.ActiveCfg = Debug|Any CPU
		{89A45693-340A-4072-8CB7-A01411962D15}.Debug|x86.Build.0 = Debug|Any CPU
		{89A45693-340A-4072-8CB7-A01411962D15}.Release|Any CPU.ActiveCfg = Release|Any CPU
		{89A45693-340A-4072-8CB7-A01411962D15}.Release|Any CPU.Build.0 = Release|Any CPU
		{89A45693-340A-4072-8CB7-A01411962D15}.Release|x64.ActiveCfg = Release|Any CPU
		{89A45693-340A-4072-8CB7-A01411962D15}.Release|x64.Build.0 = Release|Any CPU
		{89A45693-340A-4072-8CB7-A01411962D15}.Release|x86.ActiveCfg = Release|Any CPU
		{89A45693-340A-4072-8CB7-A01411962D15}.Release|x86.Build.0 = Release|Any CPU
		{2289314F-6739-4FB8-BEBF-94A9AC282AC1}.Debug|Any CPU.ActiveCfg = Debug|Any CPU
		{2289314F-6739-4FB8-BEBF-94A9AC282AC1}.Debug|Any CPU.Build.0 = Debug|Any CPU
		{2289314F-6739-4FB8-BEBF-94A9AC282AC1}.Debug|x64.ActiveCfg = Debug|Any CPU
		{2289314F-6739-4FB8-BEBF-94A9AC282AC1}.Debug|x64.Build.0 = Debug|Any CPU
		{2289314F-6739-4FB8-BEBF-94A9AC282AC1}.Debug|x86.ActiveCfg = Debug|Any CPU
		{2289314F-6739-4FB8-BEBF-94A9AC282AC1}.Debug|x86.Build.0 = Debug|Any CPU
		{2289314F-6739-4FB8-BEBF-94A9AC282AC1}.Release|Any CPU.ActiveCfg = Release|Any CPU
		{2289314F-6739-4FB8-BEBF-94A9AC282AC1}.Release|Any CPU.Build.0 = Release|Any CPU
		{2289314F-6739-4FB8-BEBF-94A9AC282AC1}.Release|x64.ActiveCfg = Release|Any CPU
		{2289314F-6739-4FB8-BEBF-94A9AC282AC1}.Release|x64.Build.0 = Release|Any CPU
		{2289314F-6739-4FB8-BEBF-94A9AC282AC1}.Release|x86.ActiveCfg = Release|Any CPU
		{2289314F-6739-4FB8-BEBF-94A9AC282AC1}.Release|x86.Build.0 = Release|Any CPU
		{B619853F-A471-4246-9190-555AE6A15466}.Debug|Any CPU.ActiveCfg = Debug|Any CPU
		{B619853F-A471-4246-9190-555AE6A15466}.Debug|Any CPU.Build.0 = Debug|Any CPU
		{B619853F-A471-4246-9190-555AE6A15466}.Debug|x64.ActiveCfg = Debug|Any CPU
		{B619853F-A471-4246-9190-555AE6A15466}.Debug|x64.Build.0 = Debug|Any CPU
		{B619853F-A471-4246-9190-555AE6A15466}.Debug|x86.ActiveCfg = Debug|Any CPU
		{B619853F-A471-4246-9190-555AE6A15466}.Debug|x86.Build.0 = Debug|Any CPU
		{B619853F-A471-4246-9190-555AE6A15466}.Release|Any CPU.ActiveCfg = Release|Any CPU
		{B619853F-A471-4246-9190-555AE6A15466}.Release|Any CPU.Build.0 = Release|Any CPU
		{B619853F-A471-4246-9190-555AE6A15466}.Release|x64.ActiveCfg = Release|Any CPU
		{B619853F-A471-4246-9190-555AE6A15466}.Release|x64.Build.0 = Release|Any CPU
		{B619853F-A471-4246-9190-555AE6A15466}.Release|x86.ActiveCfg = Release|Any CPU
		{B619853F-A471-4246-9190-555AE6A15466}.Release|x86.Build.0 = Release|Any CPU
		{23FA01F8-2D00-4761-9CA5-CCE93119DA42}.Debug|Any CPU.ActiveCfg = Debug|Any CPU
		{23FA01F8-2D00-4761-9CA5-CCE93119DA42}.Debug|Any CPU.Build.0 = Debug|Any CPU
		{23FA01F8-2D00-4761-9CA5-CCE93119DA42}.Debug|x64.ActiveCfg = Debug|Any CPU
		{23FA01F8-2D00-4761-9CA5-CCE93119DA42}.Debug|x64.Build.0 = Debug|Any CPU
		{23FA01F8-2D00-4761-9CA5-CCE93119DA42}.Debug|x86.ActiveCfg = Debug|Any CPU
		{23FA01F8-2D00-4761-9CA5-CCE93119DA42}.Debug|x86.Build.0 = Debug|Any CPU
		{23FA01F8-2D00-4761-9CA5-CCE93119DA42}.Release|Any CPU.ActiveCfg = Release|Any CPU
		{23FA01F8-2D00-4761-9CA5-CCE93119DA42}.Release|Any CPU.Build.0 = Release|Any CPU
		{23FA01F8-2D00-4761-9CA5-CCE93119DA42}.Release|x64.ActiveCfg = Release|Any CPU
		{23FA01F8-2D00-4761-9CA5-CCE93119DA42}.Release|x64.Build.0 = Release|Any CPU
		{23FA01F8-2D00-4761-9CA5-CCE93119DA42}.Release|x86.ActiveCfg = Release|Any CPU
		{23FA01F8-2D00-4761-9CA5-CCE93119DA42}.Release|x86.Build.0 = Release|Any CPU
		{0AE72080-093E-4C3F-89CF-3EA45CF6A2A5}.Debug|Any CPU.ActiveCfg = Debug|Any CPU
		{0AE72080-093E-4C3F-89CF-3EA45CF6A2A5}.Debug|Any CPU.Build.0 = Debug|Any CPU
		{0AE72080-093E-4C3F-89CF-3EA45CF6A2A5}.Debug|x64.ActiveCfg = Debug|Any CPU
		{0AE72080-093E-4C3F-89CF-3EA45CF6A2A5}.Debug|x64.Build.0 = Debug|Any CPU
		{0AE72080-093E-4C3F-89CF-3EA45CF6A2A5}.Debug|x86.ActiveCfg = Debug|Any CPU
		{0AE72080-093E-4C3F-89CF-3EA45CF6A2A5}.Debug|x86.Build.0 = Debug|Any CPU
		{0AE72080-093E-4C3F-89CF-3EA45CF6A2A5}.Release|Any CPU.ActiveCfg = Release|Any CPU
		{0AE72080-093E-4C3F-89CF-3EA45CF6A2A5}.Release|Any CPU.Build.0 = Release|Any CPU
		{0AE72080-093E-4C3F-89CF-3EA45CF6A2A5}.Release|x64.ActiveCfg = Release|Any CPU
		{0AE72080-093E-4C3F-89CF-3EA45CF6A2A5}.Release|x64.Build.0 = Release|Any CPU
		{0AE72080-093E-4C3F-89CF-3EA45CF6A2A5}.Release|x86.ActiveCfg = Release|Any CPU
		{0AE72080-093E-4C3F-89CF-3EA45CF6A2A5}.Release|x86.Build.0 = Release|Any CPU
		{BE853AD7-0340-4B73-AF44-9992B236F02D}.Debug|Any CPU.ActiveCfg = Debug|Any CPU
		{BE853AD7-0340-4B73-AF44-9992B236F02D}.Debug|Any CPU.Build.0 = Debug|Any CPU
		{BE853AD7-0340-4B73-AF44-9992B236F02D}.Debug|x64.ActiveCfg = Debug|Any CPU
		{BE853AD7-0340-4B73-AF44-9992B236F02D}.Debug|x64.Build.0 = Debug|Any CPU
		{BE853AD7-0340-4B73-AF44-9992B236F02D}.Debug|x86.ActiveCfg = Debug|Any CPU
		{BE853AD7-0340-4B73-AF44-9992B236F02D}.Debug|x86.Build.0 = Debug|Any CPU
		{BE853AD7-0340-4B73-AF44-9992B236F02D}.Release|Any CPU.ActiveCfg = Release|Any CPU
		{BE853AD7-0340-4B73-AF44-9992B236F02D}.Release|Any CPU.Build.0 = Release|Any CPU
		{BE853AD7-0340-4B73-AF44-9992B236F02D}.Release|x64.ActiveCfg = Release|Any CPU
		{BE853AD7-0340-4B73-AF44-9992B236F02D}.Release|x64.Build.0 = Release|Any CPU
		{BE853AD7-0340-4B73-AF44-9992B236F02D}.Release|x86.ActiveCfg = Release|Any CPU
		{BE853AD7-0340-4B73-AF44-9992B236F02D}.Release|x86.Build.0 = Release|Any CPU
		{DD775DA0-F3BC-4239-A84F-D5DDF67AEB72}.Debug|Any CPU.ActiveCfg = Debug|Any CPU
		{DD775DA0-F3BC-4239-A84F-D5DDF67AEB72}.Debug|Any CPU.Build.0 = Debug|Any CPU
		{DD775DA0-F3BC-4239-A84F-D5DDF67AEB72}.Debug|x64.ActiveCfg = Debug|Any CPU
		{DD775DA0-F3BC-4239-A84F-D5DDF67AEB72}.Debug|x64.Build.0 = Debug|Any CPU
		{DD775DA0-F3BC-4239-A84F-D5DDF67AEB72}.Debug|x86.ActiveCfg = Debug|Any CPU
		{DD775DA0-F3BC-4239-A84F-D5DDF67AEB72}.Debug|x86.Build.0 = Debug|Any CPU
		{DD775DA0-F3BC-4239-A84F-D5DDF67AEB72}.Release|Any CPU.ActiveCfg = Release|Any CPU
		{DD775DA0-F3BC-4239-A84F-D5DDF67AEB72}.Release|Any CPU.Build.0 = Release|Any CPU
		{DD775DA0-F3BC-4239-A84F-D5DDF67AEB72}.Release|x64.ActiveCfg = Release|Any CPU
		{DD775DA0-F3BC-4239-A84F-D5DDF67AEB72}.Release|x64.Build.0 = Release|Any CPU
		{DD775DA0-F3BC-4239-A84F-D5DDF67AEB72}.Release|x86.ActiveCfg = Release|Any CPU
		{DD775DA0-F3BC-4239-A84F-D5DDF67AEB72}.Release|x86.Build.0 = Release|Any CPU
		{1CC4E913-C54F-4F32-983C-44E51A07F6EE}.Debug|Any CPU.ActiveCfg = Debug|Any CPU
		{1CC4E913-C54F-4F32-983C-44E51A07F6EE}.Debug|Any CPU.Build.0 = Debug|Any CPU
		{1CC4E913-C54F-4F32-983C-44E51A07F6EE}.Debug|x64.ActiveCfg = Debug|Any CPU
		{1CC4E913-C54F-4F32-983C-44E51A07F6EE}.Debug|x64.Build.0 = Debug|Any CPU
		{1CC4E913-C54F-4F32-983C-44E51A07F6EE}.Debug|x86.ActiveCfg = Debug|Any CPU
		{1CC4E913-C54F-4F32-983C-44E51A07F6EE}.Debug|x86.Build.0 = Debug|Any CPU
		{1CC4E913-C54F-4F32-983C-44E51A07F6EE}.Release|Any CPU.ActiveCfg = Release|Any CPU
		{1CC4E913-C54F-4F32-983C-44E51A07F6EE}.Release|Any CPU.Build.0 = Release|Any CPU
		{1CC4E913-C54F-4F32-983C-44E51A07F6EE}.Release|x64.ActiveCfg = Release|Any CPU
		{1CC4E913-C54F-4F32-983C-44E51A07F6EE}.Release|x64.Build.0 = Release|Any CPU
		{1CC4E913-C54F-4F32-983C-44E51A07F6EE}.Release|x86.ActiveCfg = Release|Any CPU
		{1CC4E913-C54F-4F32-983C-44E51A07F6EE}.Release|x86.Build.0 = Release|Any CPU
	EndGlobalSection
	GlobalSection(SolutionProperties) = preSolution
		HideSolutionNode = FALSE
	EndGlobalSection
	GlobalSection(NestedProjects) = preSolution
		{89A45693-340A-4072-8CB7-A01411962D15} = {827E0CD3-B72D-47B6-A68D-7590B98EB39B}
		{2289314F-6739-4FB8-BEBF-94A9AC282AC1} = {0AB3BF05-4346-4AA6-1389-037BE0695223}
		{B619853F-A471-4246-9190-555AE6A15466} = {5D20AA90-6969-D8BD-9DCD-8634F4692FDA}
		{23FA01F8-2D00-4761-9CA5-CCE93119DA42} = {0AB3BF05-4346-4AA6-1389-037BE0695223}
		{0AE72080-093E-4C3F-89CF-3EA45CF6A2A5} = {5D20AA90-6969-D8BD-9DCD-8634F4692FDA}
		{BE853AD7-0340-4B73-AF44-9992B236F02D} = {0AB3BF05-4346-4AA6-1389-037BE0695223}
		{DD775DA0-F3BC-4239-A84F-D5DDF67AEB72} = {5D20AA90-6969-D8BD-9DCD-8634F4692FDA}
		{1CC4E913-C54F-4F32-983C-44E51A07F6EE} = {0AB3BF05-4346-4AA6-1389-037BE0695223}
	EndGlobalSection
EndGlobal
